
Microsoft Visual Studio Solution File, Format Version 12.00
# Visual Studio Version 17
VisualStudioVersion = 17.0.31903.59
MinimumVisualStudioVersion = 10.0.40219.1
Project("{2150E333-8FDC-42A3-9474-1A3956D46DE8}") = "src", "src", "{28E85471-3F2D-4127-B064-9DE0BE08C4AF}"
EndProject
Project("{FAE04EC0-301F-11D3-BF4B-00C04F79EFBC}") = "DbOut.Console", "src\DbOut.Console\DbOut.Console.csproj", "{49CE41B7-E10A-4EED-9577-9B63A5A17BB8}"
EndProject
Project("{FAE04EC0-301F-11D3-BF4B-00C04F79EFBC}") = "DbOut.Core", "src\DbOut.Core\DbOut.Core.csproj", "{A1C3FC1C-122A-4D6D-A3F7-8C830B9693EA}"
EndProject
Project("{FAE04EC0-301F-11D3-BF4B-00C04F79EFBC}") = "DbOut.Engine", "src\DbOut.Engine\DbOut.Engine.csproj", "{7E6100DC-DF0D-43FB-B6C5-A9E98A7A0BC9}"
EndProject
Project("{FAE04EC0-301F-11D3-BF4B-00C04F79EFBC}") = "DbOut.Providers.MySql", "src\DbOut.Providers.MySql\DbOut.Providers.MySql.csproj", "{D4524056-D094-4E88-AF84-7C99E71DF87B}"
EndProject
Project("{2150E333-8FDC-42A3-9474-1A3956D46DE8}") = "test", "test", "{80EA7323-803C-4712-ADC2-A449B6D50056}"
EndProject
Project("{FAE04EC0-301F-11D3-BF4B-00C04F79EFBC}") = "DbOut.IntegrationTests.MySql", "test\DbOut.IntegrationTests.MySql\DbOut.IntegrationTests.MySql.csproj", "{CCD2E4B4-44E7-482B-B802-30BF66BC8A12}"
EndProject
Project("{FAE04EC0-301F-11D3-BF4B-00C04F79EFBC}") = "DbOut.UnitTests", "test\DbOut.UnitTests\DbOut.UnitTests.csproj", "{3A3B3C00-FF09-49C4-82FF-66706AE0CE5A}"
EndProject
Global
	GlobalSection(SolutionConfigurationPlatforms) = preSolution
		Debug|Any CPU = Debug|Any CPU
		Release|Any CPU = Release|Any CPU
	EndGlobalSection
	GlobalSection(SolutionProperties) = preSolution
		HideSolutionNode = FALSE
	EndGlobalSection
	GlobalSection(ProjectConfigurationPlatforms) = postSolution
		{49CE41B7-E10A-4EED-9577-9B63A5A17BB8}.Debug|Any CPU.ActiveCfg = Debug|Any CPU
		{49CE41B7-E10A-4EED-9577-9B63A5A17BB8}.Debug|Any CPU.Build.0 = Debug|Any CPU
		{49CE41B7-E10A-4EED-9577-9B63A5A17BB8}.Release|Any CPU.ActiveCfg = Release|Any CPU
		{49CE41B7-E10A-4EED-9577-9B63A5A17BB8}.Release|Any CPU.Build.0 = Release|Any CPU
		{A1C3FC1C-122A-4D6D-A3F7-8C830B9693EA}.Debug|Any CPU.ActiveCfg = Debug|Any CPU
		{A1C3FC1C-122A-4D6D-A3F7-8C830B9693EA}.Debug|Any CPU.Build.0 = Debug|Any CPU
		{A1C3FC1C-122A-4D6D-A3F7-8C830B9693EA}.Release|Any CPU.ActiveCfg = Release|Any CPU
		{A1C3FC1C-122A-4D6D-A3F7-8C830B9693EA}.Release|Any CPU.Build.0 = Release|Any CPU
		{7E6100DC-DF0D-43FB-B6C5-A9E98A7A0BC9}.Debug|Any CPU.ActiveCfg = Debug|Any CPU
		{7E6100DC-DF0D-43FB-B6C5-A9E98A7A0BC9}.Debug|Any CPU.Build.0 = Debug|Any CPU
		{7E6100DC-DF0D-43FB-B6C5-A9E98A7A0BC9}.Release|Any CPU.ActiveCfg = Release|Any CPU
		{7E6100DC-DF0D-43FB-B6C5-A9E98A7A0BC9}.Release|Any CPU.Build.0 = Release|Any CPU
		{D4524056-D094-4E88-AF84-7C99E71DF87B}.Debug|Any CPU.ActiveCfg = Debug|Any CPU
		{D4524056-D094-4E88-AF84-7C99E71DF87B}.Debug|Any CPU.Build.0 = Debug|Any CPU
		{D4524056-D094-4E88-AF84-7C99E71DF87B}.Release|Any CPU.ActiveCfg = Release|Any CPU
		{D4524056-D094-4E88-AF84-7C99E71DF87B}.Release|Any CPU.Build.0 = Release|Any CPU
		{CCD2E4B4-44E7-482B-B802-30BF66BC8A12}.Debug|Any CPU.ActiveCfg = Debug|Any CPU
		{CCD2E4B4-44E7-482B-B802-30BF66BC8A12}.Debug|Any CPU.Build.0 = Debug|Any CPU
		{CCD2E4B4-44E7-482B-B802-30BF66BC8A12}.Release|Any CPU.ActiveCfg = Release|Any CPU
		{CCD2E4B4-44E7-482B-B802-30BF66BC8A12}.Release|Any CPU.Build.0 = Release|Any CPU
		{3A3B3C00-FF09-49C4-82FF-66706AE0CE5A}.Debug|Any CPU.ActiveCfg = Debug|Any CPU
		{3A3B3C00-FF09-49C4-82FF-66706AE0CE5A}.Debug|Any CPU.Build.0 = Debug|Any CPU
		{3A3B3C00-FF09-49C4-82FF-66706AE0CE5A}.Release|Any CPU.ActiveCfg = Release|Any CPU
		{3A3B3C00-FF09-49C4-82FF-66706AE0CE5A}.Release|Any CPU.Build.0 = Release|Any CPU
	EndGlobalSection
	GlobalSection(NestedProjects) = preSolution
		{49CE41B7-E10A-4EED-9577-9B63A5A17BB8} = {28E85471-3F2D-4127-B064-9DE0BE08C4AF}
		{A1C3FC1C-122A-4D6D-A3F7-8C830B9693EA} = {28E85471-3F2D-4127-B064-9DE0BE08C4AF}
		{7E6100DC-DF0D-43FB-B6C5-A9E98A7A0BC9} = {28E85471-3F2D-4127-B064-9DE0BE08C4AF}
		{D4524056-D094-4E88-AF84-7C99E71DF87B} = {28E85471-3F2D-4127-B064-9DE0BE08C4AF}
		{CCD2E4B4-44E7-482B-B802-30BF66BC8A12} = {80EA7323-803C-4712-ADC2-A449B6D50056}
		{3A3B3C00-FF09-49C4-82FF-66706AE0CE5A} = {80EA7323-803C-4712-ADC2-A449B6D50056}
	EndGlobalSection
EndGlobal
